
Microsoft Visual Studio Solution File, Format Version 11.00
# Visual Studio 2010
Project("{FAE04EC0-301F-11D3-BF4B-00C04F79EFBC}") = "Lamentationofrevenge", "Lamentationofrevenge\Lamentationofrevenge.csproj", "{2EFDC34A-9C4C-4902-8194-5230761076E7}"
EndProject
Global
	GlobalSection(SolutionConfigurationPlatforms) = preSolution
		Debug|Any CPU = Debug|Any CPU
		Release|Any CPU = Release|Any CPU
	EndGlobalSection
	GlobalSection(ProjectConfigurationPlatforms) = postSolution
		{2EFDC34A-9C4C-4902-8194-5230761076E7}.Debug|Any CPU.ActiveCfg = Debug|Any CPU
		{2EFDC34A-9C4C-4902-8194-5230761076E7}.Debug|Any CPU.Build.0 = Debug|Any CPU
		{2EFDC34A-9C4C-4902-8194-5230761076E7}.Release|Any CPU.ActiveCfg = Release|Any CPU
		{2EFDC34A-9C4C-4902-8194-5230761076E7}.Release|Any CPU.Build.0 = Release|Any CPU
	EndGlobalSection
	GlobalSection(MonoDevelopProperties) = preSolution
		StartupItem = Lamentationofrevenge\Lamentationofrevenge.csproj
	EndGlobalSection
EndGlobal
